
Microsoft Visual Studio Solution File, Format Version 12.00
# Visual Studio Version 17
VisualStudioVersion = 17.6.33815.320
MinimumVisualStudioVersion = 10.0.40219.1
Project("{FAE04EC0-301F-11D3-BF4B-00C04F79EFBC}") = "Making your own Methods", "Making your own Methods\Making your own Methods.csproj", "{C06A0AB6-DC34-4A7F-AF1E-DB636B8B6E51}"
EndProject
Global
	GlobalSection(SolutionConfigurationPlatforms) = preSolution
		Debug|Any CPU = Debug|Any CPU
		Release|Any CPU = Release|Any CPU
	EndGlobalSection
	GlobalSection(ProjectConfigurationPlatforms) = postSolution
		{C06A0AB6-DC34-4A7F-AF1E-DB636B8B6E51}.Debug|Any CPU.ActiveCfg = Debug|Any CPU
		{C06A0AB6-DC34-4A7F-AF1E-DB636B8B6E51}.Debug|Any CPU.Build.0 = Debug|Any CPU
		{C06A0AB6-DC34-4A7F-AF1E-DB636B8B6E51}.Release|Any CPU.ActiveCfg = Release|Any CPU
		{C06A0AB6-DC34-4A7F-AF1E-DB636B8B6E51}.Release|Any CPU.Build.0 = Release|Any CPU
	EndGlobalSection
	GlobalSection(SolutionProperties) = preSolution
		HideSolutionNode = FALSE
	EndGlobalSection
	GlobalSection(ExtensibilityGlobals) = postSolution
		SolutionGuid = {B62F8CA9-49B7-4D17-AD77-7486FC813B7D}
	EndGlobalSection
EndGlobal
